
Microsoft Visual Studio Solution File, Format Version 12.00
# Visual Studio Version 16
VisualStudioVersion = 16.0.29911.84
MinimumVisualStudioVersion = 10.0.40219.1
Project("{FAE04EC0-301F-11D3-BF4B-00C04F79EFBC}") = "ExtractConstArrayAnalyzer", "ExtractConstArrayAnalyzer\ExtractConstArrayAnalyzer\ExtractConstArrayAnalyzer.csproj", "{4CE90786-DD9A-42F4-84D0-B9E2A591EC82}"
EndProject
Project("{FAE04EC0-301F-11D3-BF4B-00C04F79EFBC}") = "ExtractConstArrayAnalyzer.Test", "ExtractConstArrayAnalyzer\ExtractConstArrayAnalyzer.Test\ExtractConstArrayAnalyzer.Test.csproj", "{60458220-A916-493D-9E72-57910F413829}"
EndProject
Project("{FAE04EC0-301F-11D3-BF4B-00C04F79EFBC}") = "ExtractConstArrayAnalyzer.Vsix", "ExtractConstArrayAnalyzer\ExtractConstArrayAnalyzer.Vsix\ExtractConstArrayAnalyzer.Vsix.csproj", "{8B95C9D4-6787-411E-9B53-EBFA6AED83B0}"
EndProject
Global
	GlobalSection(SolutionConfigurationPlatforms) = preSolution
		Debug|Any CPU = Debug|Any CPU
		Release|Any CPU = Release|Any CPU
	EndGlobalSection
	GlobalSection(ProjectConfigurationPlatforms) = postSolution
		{4CE90786-DD9A-42F4-84D0-B9E2A591EC82}.Debug|Any CPU.ActiveCfg = Debug|Any CPU
		{4CE90786-DD9A-42F4-84D0-B9E2A591EC82}.Debug|Any CPU.Build.0 = Debug|Any CPU
		{4CE90786-DD9A-42F4-84D0-B9E2A591EC82}.Release|Any CPU.ActiveCfg = Release|Any CPU
		{4CE90786-DD9A-42F4-84D0-B9E2A591EC82}.Release|Any CPU.Build.0 = Release|Any CPU
		{60458220-A916-493D-9E72-57910F413829}.Debug|Any CPU.ActiveCfg = Debug|Any CPU
		{60458220-A916-493D-9E72-57910F413829}.Debug|Any CPU.Build.0 = Debug|Any CPU
		{60458220-A916-493D-9E72-57910F413829}.Release|Any CPU.ActiveCfg = Release|Any CPU
		{60458220-A916-493D-9E72-57910F413829}.Release|Any CPU.Build.0 = Release|Any CPU
		{8B95C9D4-6787-411E-9B53-EBFA6AED83B0}.Debug|Any CPU.ActiveCfg = Debug|Any CPU
		{8B95C9D4-6787-411E-9B53-EBFA6AED83B0}.Debug|Any CPU.Build.0 = Debug|Any CPU
		{8B95C9D4-6787-411E-9B53-EBFA6AED83B0}.Release|Any CPU.ActiveCfg = Release|Any CPU
		{8B95C9D4-6787-411E-9B53-EBFA6AED83B0}.Release|Any CPU.Build.0 = Release|Any CPU
	EndGlobalSection
	GlobalSection(SolutionProperties) = preSolution
		HideSolutionNode = FALSE
	EndGlobalSection
	GlobalSection(ExtensibilityGlobals) = postSolution
		SolutionGuid = {439B8F0C-99CA-46E1-81D2-4384FD23961B}
	EndGlobalSection
EndGlobal
